// !$*UTF8*$!
{
	archiveVersion = 1;
	classes = {
	};
	objectVersion = 54;
	objects = {

/* Begin PBXAggregateTarget section */
		386531068742438A979338FC /* ZERO_CHECK */ = {
			isa = PBXAggregateTarget;
			buildConfigurationList = 4186292E432A4FAA94631C94 /* Build configuration list for PBXAggregateTarget "ZERO_CHECK" */;
			buildPhases = (
				D6ED850A0EB361081BA265D5 /* Generate CMakeFiles/ZERO_CHECK */,
			);
			dependencies = (
			);
			name = ZERO_CHECK;
			productName = ZERO_CHECK;
		};
		87AC894CA9114CD2AC2B6083 /* ALL_BUILD */ = {
			isa = PBXAggregateTarget;
			buildConfigurationList = 51028EEA62DA4B10AFF046BD /* Build configuration list for PBXAggregateTarget "ALL_BUILD" */;
			buildPhases = (
				B99616B294D2FBABD0480BF5 /* Generate CMakeFiles/ALL_BUILD */,
			);
			dependencies = (
				021B5901523A4CCC9692D3D9 /* PBXTargetDependency */,
				BD24A49F4B5C46CD99035C6A /* PBXTargetDependency */,
			);
			name = ALL_BUILD;
			productName = ALL_BUILD;
		};
/* End PBXAggregateTarget section */

/* Begin PBXBuildFile section */
		1CF7B3E4C7BC4ED685ED9DC2 /* kalman_filter.cpp in Sources */ = {isa = PBXBuildFile; fileRef = AC69C469BED0423182289717 /* kalman_filter.cpp */; };
		391E0CC0DA91491E86FC8D58 /* main.cpp in Sources */ = {isa = PBXBuildFile; fileRef = 736DFDFEAD2B42BC95BE178B /* main.cpp */; };
		7F070DBC0CBB4577AC97FDD4 /* FusionEKF.cpp in Sources */ = {isa = PBXBuildFile; fileRef = FEA757C987254EE793F5BE4A /* FusionEKF.cpp */; };
		D0CAA35B2F134DF981750ADD /* tools.cpp in Sources */ = {isa = PBXBuildFile; fileRef = 11305B4A625C448581728738 /* tools.cpp */; };
/* End PBXBuildFile section */

/* Begin PBXContainerItemProxy section */
		0318F103403C40B5900BD5B7 /* PBXContainerItemProxy */ = {
			isa = PBXContainerItemProxy;
			containerPortal = 6179D9CA2B6C4D8DB7429684 /* Project object */;
			proxyType = 1;
			remoteGlobalIDString = 386531068742438A979338FC;
			remoteInfo = ZERO_CHECK;
		};
		17228E991A0049E1834B092A /* PBXContainerItemProxy */ = {
			isa = PBXContainerItemProxy;
			containerPortal = 6179D9CA2B6C4D8DB7429684 /* Project object */;
			proxyType = 1;
			remoteGlobalIDString = 461978F7DC7A4C9093D3E09C;
			remoteInfo = ExtendedKF;
		};
		D30B693BA96740D1855D91BA /* PBXContainerItemProxy */ = {
			isa = PBXContainerItemProxy;
			containerPortal = 6179D9CA2B6C4D8DB7429684 /* Project object */;
			proxyType = 1;
			remoteGlobalIDString = 386531068742438A979338FC;
			remoteInfo = ZERO_CHECK;
		};
/* End PBXContainerItemProxy section */

/* Begin PBXFileReference section */
		082F5D80E909459E956CFE3E /* FusionEKF.h */ = {isa = PBXFileReference; explicitFileType = sourcecode.c.h; fileEncoding = 4; name = FusionEKF.h; path = src/FusionEKF.h; sourceTree = SOURCE_ROOT; };
		11305B4A625C448581728738 /* tools.cpp */ = {isa = PBXFileReference; explicitFileType = sourcecode.cpp.cpp; fileEncoding = 4; name = tools.cpp; path = src/tools.cpp; sourceTree = SOURCE_ROOT; };
		33EB4AB19DC14DC997BDCEBD /* tools.h */ = {isa = PBXFileReference; explicitFileType = sourcecode.c.h; fileEncoding = 4; name = tools.h; path = src/tools.h; sourceTree = SOURCE_ROOT; };
		3C5E7BB6799E4D8A84FBAE31 /* kalman_filter.h */ = {isa = PBXFileReference; explicitFileType = sourcecode.c.h; fileEncoding = 4; name = kalman_filter.h; path = src/kalman_filter.h; sourceTree = SOURCE_ROOT; };
		3EF18A7CBFA446FAB52DBC53 /* CMakeLists.txt */ = {isa = PBXFileReference; explicitFileType = sourcecode.text; fileEncoding = 4; lastKnownFileType = text; path = CMakeLists.txt; sourceTree = SOURCE_ROOT; };
		5666AFFB64E94AB4A28CAB64 /* ExtendedKF */ = {isa = PBXFileReference; explicitFileType = "compiled.mach-o.executable"; path = ExtendedKF; sourceTree = BUILT_PRODUCTS_DIR; };
		736DFDFEAD2B42BC95BE178B /* main.cpp */ = {isa = PBXFileReference; explicitFileType = sourcecode.cpp.cpp; fileEncoding = 4; name = main.cpp; path = src/main.cpp; sourceTree = SOURCE_ROOT; };
		7D7C9EDA166B4312B8B4C3BB /* CMakeLists.txt */ = {isa = PBXFileReference; explicitFileType = sourcecode.text; fileEncoding = 4; lastKnownFileType = text; path = CMakeLists.txt; sourceTree = SOURCE_ROOT; };
		AC69C469BED0423182289717 /* kalman_filter.cpp */ = {isa = PBXFileReference; explicitFileType = sourcecode.cpp.cpp; fileEncoding = 4; name = kalman_filter.cpp; path = src/kalman_filter.cpp; sourceTree = SOURCE_ROOT; };
		FEA757C987254EE793F5BE4A /* FusionEKF.cpp */ = {isa = PBXFileReference; explicitFileType = sourcecode.cpp.cpp; fileEncoding = 4; name = FusionEKF.cpp; path = src/FusionEKF.cpp; sourceTree = SOURCE_ROOT; };
/* End PBXFileReference section */

/* Begin PBXFrameworksBuildPhase section */
		627B6954B61F4CDF9A4B6648 /* Frameworks */ = {
			isa = PBXFrameworksBuildPhase;
			buildActionMask = 2147483647;
			files = (
			);
			runOnlyForDeploymentPostprocessing = 0;
		};
/* End PBXFrameworksBuildPhase section */

/* Begin PBXGroup section */
		0A1A7BC7A39A4B84BD41FED3 /* Source Files */ = {
			isa = PBXGroup;
			children = (
				FEA757C987254EE793F5BE4A /* FusionEKF.cpp */,
				AC69C469BED0423182289717 /* kalman_filter.cpp */,
				736DFDFEAD2B42BC95BE178B /* main.cpp */,
				11305B4A625C448581728738 /* tools.cpp */,
			);
			name = "Source Files";
			sourceTree = "<group>";
		};
		2EEEF7AE7BE440C3854746D3 /* ALL_BUILD */ = {
			isa = PBXGroup;
			children = (
				DA0076B8C9674E08B0E59FC8 /* CMake Rules */,
				3EF18A7CBFA446FAB52DBC53 /* CMakeLists.txt */,
			);
			name = ALL_BUILD;
			sourceTree = "<group>";
		};
		605C653668B7403F82A05ACF /* Frameworks */ = {
			isa = PBXGroup;
			children = (
			);
			name = Frameworks;
			sourceTree = "<group>";
		};
		855137599A0A4A77B97523A6 /* Header Files */ = {
			isa = PBXGroup;
			children = (
				082F5D80E909459E956CFE3E /* FusionEKF.h */,
				3C5E7BB6799E4D8A84FBAE31 /* kalman_filter.h */,
				33EB4AB19DC14DC997BDCEBD /* tools.h */,
			);
			name = "Header Files";
			sourceTree = "<group>";
		};
		A2723B25003B44F1BC8109E0 = {
			isa = PBXGroup;
			children = (
				AB0F76AA771549EEB811E9CA /* ExtendedKF */,
				2EEEF7AE7BE440C3854746D3 /* ALL_BUILD */,
				DADD053C939B490C9FC6F18D /* Products */,
				605C653668B7403F82A05ACF /* Frameworks */,
			);
			sourceTree = "<group>";
		};
		AB0F76AA771549EEB811E9CA /* ExtendedKF */ = {
			isa = PBXGroup;
			children = (
				0A1A7BC7A39A4B84BD41FED3 /* Source Files */,
				855137599A0A4A77B97523A6 /* Header Files */,
				7D7C9EDA166B4312B8B4C3BB /* CMakeLists.txt */,
			);
			name = ExtendedKF;
			sourceTree = "<group>";
		};
		DA0076B8C9674E08B0E59FC8 /* CMake Rules */ = {
			isa = PBXGroup;
			children = (
			);
			name = "CMake Rules";
			sourceTree = "<group>";
		};
		DADD053C939B490C9FC6F18D /* Products */ = {
			isa = PBXGroup;
			children = (
				5666AFFB64E94AB4A28CAB64 /* ExtendedKF */,
			);
			name = Products;
			sourceTree = "<group>";
		};
/* End PBXGroup section */

/* Begin PBXNativeTarget section */
		461978F7DC7A4C9093D3E09C /* ExtendedKF */ = {
			isa = PBXNativeTarget;
			buildConfigurationList = 79B57AD111984FEFA5486B42 /* Build configuration list for PBXNativeTarget "ExtendedKF" */;
			buildPhases = (
				7A6119E05E9E44E6A00940EB /* Sources */,
				627B6954B61F4CDF9A4B6648 /* Frameworks */,
			);
			buildRules = (
			);
			dependencies = (
				7F70CE4A1F29456299248C1E /* PBXTargetDependency */,
			);
			name = ExtendedKF;
			productName = ExtendedKF;
			productReference = 5666AFFB64E94AB4A28CAB64 /* ExtendedKF */;
			productType = "com.apple.product-type.tool";
		};
/* End PBXNativeTarget section */

/* Begin PBXProject section */
		6179D9CA2B6C4D8DB7429684 /* Project object */ = {
			isa = PBXProject;
			attributes = {
				LastUpgradeCheck = 1250;
			};
			buildConfigurationList = 1A33F676AC794F0CA0941ABC /* Build configuration list for PBXProject "ExtendedKF" */;
			compatibilityVersion = "Xcode 3.2";
			developmentRegion = en;
			hasScannedForEncodings = 0;
			knownRegions = (
				en,
				Base,
			);
			mainGroup = A2723B25003B44F1BC8109E0;
			projectDirPath = "";
			projectRoot = "";
			targets = (
				87AC894CA9114CD2AC2B6083 /* ALL_BUILD */,
				461978F7DC7A4C9093D3E09C /* ExtendedKF */,
				386531068742438A979338FC /* ZERO_CHECK */,
			);
		};
/* End PBXProject section */

/* Begin PBXShellScriptBuildPhase section */
		B99616B294D2FBABD0480BF5 /* Generate CMakeFiles/ALL_BUILD */ = {
			isa = PBXShellScriptBuildPhase;
			alwaysOutOfDate = 1;
			buildActionMask = 2147483647;
			files = (
			);
			inputPaths = (
			);
			name = "Generate CMakeFiles/ALL_BUILD";
			outputPaths = (
				"/Volumes/Macintosh HD - 数据/硅谷/Udacity/Self-Driving Car/Self-Driving Car Engineer/SDC-P5-Extended-Kalman-Filters/CMakeFiles/ALL_BUILD",
			);
			runOnlyForDeploymentPostprocessing = 0;
			shellPath = /bin/sh;
			shellScript = "set -e\nif test \"$CONFIGURATION\" = \"Debug\"; then :\n  cd \"/Volumes/Macintosh HD - 数据/硅谷/Udacity/Self-Driving Car/Self-Driving Car Engineer/SDC-P5-Extended-Kalman-Filters\"\n  echo Build\\ all\\ projects\nfi\nif test \"$CONFIGURATION\" = \"Release\"; then :\n  cd \"/Volumes/Macintosh HD - 数据/硅谷/Udacity/Self-Driving Car/Self-Driving Car Engineer/SDC-P5-Extended-Kalman-Filters\"\n  echo Build\\ all\\ projects\nfi\nif test \"$CONFIGURATION\" = \"MinSizeRel\"; then :\n  cd \"/Volumes/Macintosh HD - 数据/硅谷/Udacity/Self-Driving Car/Self-Driving Car Engineer/SDC-P5-Extended-Kalman-Filters\"\n  echo Build\\ all\\ projects\nfi\nif test \"$CONFIGURATION\" = \"RelWithDebInfo\"; then :\n  cd \"/Volumes/Macintosh HD - 数据/硅谷/Udacity/Self-Driving Car/Self-Driving Car Engineer/SDC-P5-Extended-Kalman-Filters\"\n  echo Build\\ all\\ projects\nfi\n";
			showEnvVarsInLog = 0;
		};
		D6ED850A0EB361081BA265D5 /* Generate CMakeFiles/ZERO_CHECK */ = {
			isa = PBXShellScriptBuildPhase;
			alwaysOutOfDate = 1;
			buildActionMask = 2147483647;
			files = (
			);
			inputPaths = (
			);
			name = "Generate CMakeFiles/ZERO_CHECK";
			outputPaths = (
				"/Volumes/Macintosh HD - 数据/硅谷/Udacity/Self-Driving Car/Self-Driving Car Engineer/SDC-P5-Extended-Kalman-Filters/CMakeFiles/ZERO_CHECK",
			);
			runOnlyForDeploymentPostprocessing = 0;
			shellPath = /bin/sh;
			shellScript = "set -e\nif test \"$CONFIGURATION\" = \"Debug\"; then :\n  cd \"/Volumes/Macintosh HD - 数据/硅谷/Udacity/Self-Driving Car/Self-Driving Car Engineer/SDC-P5-Extended-Kalman-Filters\"\n  make -f /Volumes/Macintosh\\ HD\\ -\\ 数据/硅谷/Udacity/Self-Driving\\ Car/Self-Driving\\ Car\\ Engineer/SDC-P5-Extended-Kalman-Filters/CMakeScripts/ReRunCMake.make\nfi\nif test \"$CONFIGURATION\" = \"Release\"; then :\n  cd \"/Volumes/Macintosh HD - 数据/硅谷/Udacity/Self-Driving Car/Self-Driving Car Engineer/SDC-P5-Extended-Kalman-Filters\"\n  make -f /Volumes/Macintosh\\ HD\\ -\\ 数据/硅谷/Udacity/Self-Driving\\ Car/Self-Driving\\ Car\\ Engineer/SDC-P5-Extended-Kalman-Filters/CMakeScripts/ReRunCMake.make\nfi\nif test \"$CONFIGURATION\" = \"MinSizeRel\"; then :\n  cd \"/Volumes/Macintosh HD - 数据/硅谷/Udacity/Self-Driving Car/Self-Driving Car Engineer/SDC-P5-Extended-Kalman-Filters\"\n  make -f /Volumes/Macintosh\\ HD\\ -\\ 数据/硅谷/Udacity/Self-Driving\\ Car/Self-Driving\\ Car\\ Engineer/SDC-P5-Extended-Kalman-Filters/CMakeScripts/ReRunCMake.make\nfi\nif test \"$CONFIGURATION\" = \"RelWithDebInfo\"; then :\n  cd \"/Volumes/Macintosh HD - 数据/硅谷/Udacity/Self-Driving Car/Self-Driving Car Engineer/SDC-P5-Extended-Kalman-Filters\"\n  make -f /Volumes/Macintosh\\ HD\\ -\\ 数据/硅谷/Udacity/Self-Driving\\ Car/Self-Driving\\ Car\\ Engineer/SDC-P5-Extended-Kalman-Filters/CMakeScripts/ReRunCMake.make\nfi\n";
			showEnvVarsInLog = 0;
		};
/* End PBXShellScriptBuildPhase section */

/* Begin PBXSourcesBuildPhase section */
		7A6119E05E9E44E6A00940EB /* Sources */ = {
			isa = PBXSourcesBuildPhase;
			buildActionMask = 2147483647;
			files = (
				7F070DBC0CBB4577AC97FDD4 /* FusionEKF.cpp in Sources */,
				1CF7B3E4C7BC4ED685ED9DC2 /* kalman_filter.cpp in Sources */,
				391E0CC0DA91491E86FC8D58 /* main.cpp in Sources */,
				D0CAA35B2F134DF981750ADD /* tools.cpp in Sources */,
			);
			runOnlyForDeploymentPostprocessing = 0;
		};
/* End PBXSourcesBuildPhase section */

/* Begin PBXTargetDependency section */
		021B5901523A4CCC9692D3D9 /* PBXTargetDependency */ = {
			isa = PBXTargetDependency;
			target = 461978F7DC7A4C9093D3E09C /* ExtendedKF */;
			targetProxy = 17228E991A0049E1834B092A /* PBXContainerItemProxy */;
		};
		7F70CE4A1F29456299248C1E /* PBXTargetDependency */ = {
			isa = PBXTargetDependency;
			target = 386531068742438A979338FC /* ZERO_CHECK */;
			targetProxy = D30B693BA96740D1855D91BA /* PBXContainerItemProxy */;
		};
		BD24A49F4B5C46CD99035C6A /* PBXTargetDependency */ = {
			isa = PBXTargetDependency;
			target = 386531068742438A979338FC /* ZERO_CHECK */;
			targetProxy = 0318F103403C40B5900BD5B7 /* PBXContainerItemProxy */;
		};
/* End PBXTargetDependency section */

/* Begin XCBuildConfiguration section */
		0573B9516707499DB9B68DB6 /* Release */ = {
			isa = XCBuildConfiguration;
			buildSettings = {
				COMBINE_HIDPI_IMAGES = YES;
				GCC_GENERATE_DEBUGGING_SYMBOLS = YES;
				GCC_INLINES_ARE_PRIVATE_EXTERN = NO;
				GCC_OPTIMIZATION_LEVEL = 0;
				GCC_PREPROCESSOR_DEFINITIONS = "'CMAKE_INTDIR=\"$(CONFIGURATION)$(EFFECTIVE_PLATFORM_NAME)\"'";
				GCC_SYMBOLS_PRIVATE_EXTERN = NO;
				INSTALL_PATH = "";
				OTHER_LDFLAGS = "";
				OTHER_REZFLAGS = "";
				PRODUCT_NAME = ZERO_CHECK;
				SECTORDER_FLAGS = "";
				SYMROOT = "/Volumes/Macintosh HD - 数据/硅谷/Udacity/Self-Driving Car/Self-Driving Car Engineer/SDC-P5-Extended-Kalman-Filters";
				USE_HEADERMAP = NO;
				WARNING_CFLAGS = "$(inherited)";
			};
			name = Release;
		};
		143B06B1A9A2405E8806B411 /* MinSizeRel */ = {
			isa = XCBuildConfiguration;
			buildSettings = {
				COMBINE_HIDPI_IMAGES = YES;
				GCC_GENERATE_DEBUGGING_SYMBOLS = YES;
				GCC_INLINES_ARE_PRIVATE_EXTERN = NO;
				GCC_OPTIMIZATION_LEVEL = 0;
				GCC_PREPROCESSOR_DEFINITIONS = "'CMAKE_INTDIR=\"$(CONFIGURATION)$(EFFECTIVE_PLATFORM_NAME)\"'";
				GCC_SYMBOLS_PRIVATE_EXTERN = NO;
				INSTALL_PATH = "";
				OTHER_LDFLAGS = "";
				OTHER_REZFLAGS = "";
				PRODUCT_NAME = ALL_BUILD;
				SECTORDER_FLAGS = "";
				SYMROOT = "/Volumes/Macintosh HD - 数据/硅谷/Udacity/Self-Driving Car/Self-Driving Car Engineer/SDC-P5-Extended-Kalman-Filters";
				USE_HEADERMAP = NO;
				WARNING_CFLAGS = "$(inherited)";
			};
			name = MinSizeRel;
		};
		1B730190D4AD415FBEDA628C /* Debug */ = {
			isa = XCBuildConfiguration;
			buildSettings = {
				COMBINE_HIDPI_IMAGES = YES;
				GCC_GENERATE_DEBUGGING_SYMBOLS = YES;
				GCC_INLINES_ARE_PRIVATE_EXTERN = NO;
				GCC_OPTIMIZATION_LEVEL = 0;
				GCC_PREPROCESSOR_DEFINITIONS = "'CMAKE_INTDIR=\"$(CONFIGURATION)$(EFFECTIVE_PLATFORM_NAME)\"'";
				GCC_SYMBOLS_PRIVATE_EXTERN = NO;
				INSTALL_PATH = "";
				OTHER_LDFLAGS = "";
				OTHER_REZFLAGS = "";
				PRODUCT_NAME = ZERO_CHECK;
				SECTORDER_FLAGS = "";
				SYMROOT = "/Volumes/Macintosh HD - 数据/硅谷/Udacity/Self-Driving Car/Self-Driving Car Engineer/SDC-P5-Extended-Kalman-Filters";
				USE_HEADERMAP = NO;
				WARNING_CFLAGS = "$(inherited)";
			};
			name = Debug;
		};
		2CB5FF4B7F7B45AAA48D4BAE /* Release */ = {
			isa = XCBuildConfiguration;
			buildSettings = {
				COMBINE_HIDPI_IMAGES = YES;
				GCC_GENERATE_DEBUGGING_SYMBOLS = YES;
				GCC_INLINES_ARE_PRIVATE_EXTERN = NO;
				GCC_OPTIMIZATION_LEVEL = 0;
				GCC_PREPROCESSOR_DEFINITIONS = "'CMAKE_INTDIR=\"$(CONFIGURATION)$(EFFECTIVE_PLATFORM_NAME)\"'";
				GCC_SYMBOLS_PRIVATE_EXTERN = NO;
				INSTALL_PATH = "";
				OTHER_LDFLAGS = "";
				OTHER_REZFLAGS = "";
				PRODUCT_NAME = ALL_BUILD;
				SECTORDER_FLAGS = "";
				SYMROOT = "/Volumes/Macintosh HD - 数据/硅谷/Udacity/Self-Driving Car/Self-Driving Car Engineer/SDC-P5-Extended-Kalman-Filters";
				USE_HEADERMAP = NO;
				WARNING_CFLAGS = "$(inherited)";
			};
			name = Release;
		};
		3326358A79554EDDBC5F3F07 /* Debug */ = {
			isa = XCBuildConfiguration;
			buildSettings = {
				COMBINE_HIDPI_IMAGES = YES;
				GCC_GENERATE_DEBUGGING_SYMBOLS = YES;
				GCC_INLINES_ARE_PRIVATE_EXTERN = NO;
				GCC_OPTIMIZATION_LEVEL = 0;
				GCC_PREPROCESSOR_DEFINITIONS = "'CMAKE_INTDIR=\"$(CONFIGURATION)$(EFFECTIVE_PLATFORM_NAME)\"'";
				GCC_SYMBOLS_PRIVATE_EXTERN = NO;
				INSTALL_PATH = "";
				OTHER_LDFLAGS = "";
				OTHER_REZFLAGS = "";
				PRODUCT_NAME = ALL_BUILD;
				SECTORDER_FLAGS = "";
				SYMROOT = "/Volumes/Macintosh HD - 数据/硅谷/Udacity/Self-Driving Car/Self-Driving Car Engineer/SDC-P5-Extended-Kalman-Filters";
				USE_HEADERMAP = NO;
				WARNING_CFLAGS = "$(inherited)";
			};
			name = Debug;
		};
		385EB9D19009468B981C2915 /* RelWithDebInfo */ = {
			isa = XCBuildConfiguration;
			buildSettings = {
				COMBINE_HIDPI_IMAGES = YES;
				EXECUTABLE_PREFIX = "";
				EXECUTABLE_SUFFIX = "";
				GCC_GENERATE_DEBUGGING_SYMBOLS = NO;
				GCC_INLINES_ARE_PRIVATE_EXTERN = NO;
				GCC_OPTIMIZATION_LEVEL = 0;
				GCC_PREPROCESSOR_DEFINITIONS = "'CMAKE_INTDIR=\"$(CONFIGURATION)$(EFFECTIVE_PLATFORM_NAME)\"'";
				GCC_SYMBOLS_PRIVATE_EXTERN = NO;
				HEADER_SEARCH_PATHS = (
					/usr/local/include,
					/usr/local/opt/openssl/include,
					"$(inherited)",
				);
				INSTALL_PATH = "";
				LD_RUNPATH_SEARCH_PATHS = (
					/usr/local/lib,
					/usr/local/opt/openssl/lib,
					"/usr/local/Cellar/libuv/1*/lib",
					"$(inherited)",
				);
				LIBRARY_SEARCH_PATHS = (
					"/usr/local/lib/$(CONFIGURATION)$(EFFECTIVE_PLATFORM_NAME)",
					/usr/local/lib,
					"/usr/local/opt/openssl/lib/$(CONFIGURATION)$(EFFECTIVE_PLATFORM_NAME)",
					/usr/local/opt/openssl/lib,
					"/usr/local/Cellar/libuv/1*/lib/$(CONFIGURATION)$(EFFECTIVE_PLATFORM_NAME)",
					"/usr/local/Cellar/libuv/1*/lib",
					"$(inherited)",
				);
				OTHER_CPLUSPLUSFLAGS = (
					"-Wall",
					"-std=c++11",
				);
				OTHER_LDFLAGS = (
					"-Wl,-search_paths_first",
					"-Wl,-headerpad_max_install_names",
					"-lz",
					"-lssl",
					"-luv",
					"-luWS",
				);
				OTHER_REZFLAGS = "";
				PRODUCT_NAME = ExtendedKF;
				SECTORDER_FLAGS = "";
				SYMROOT = "/Volumes/Macintosh HD - 数据/硅谷/Udacity/Self-Driving Car/Self-Driving Car Engineer/SDC-P5-Extended-Kalman-Filters";
				USE_HEADERMAP = NO;
				WARNING_CFLAGS = "$(inherited)";
			};
			name = RelWithDebInfo;
		};
		41DF2740022742139C968E81 /* Release */ = {
			isa = XCBuildConfiguration;
			buildSettings = {
				COMBINE_HIDPI_IMAGES = YES;
				EXECUTABLE_PREFIX = "";
				EXECUTABLE_SUFFIX = "";
				GCC_GENERATE_DEBUGGING_SYMBOLS = NO;
				GCC_INLINES_ARE_PRIVATE_EXTERN = NO;
				GCC_OPTIMIZATION_LEVEL = 0;
				GCC_PREPROCESSOR_DEFINITIONS = "'CMAKE_INTDIR=\"$(CONFIGURATION)$(EFFECTIVE_PLATFORM_NAME)\"'";
				GCC_SYMBOLS_PRIVATE_EXTERN = NO;
				HEADER_SEARCH_PATHS = (
					/usr/local/include,
					/usr/local/opt/openssl/include,
					"$(inherited)",
				);
				INSTALL_PATH = "";
				LD_RUNPATH_SEARCH_PATHS = (
					/usr/local/lib,
					/usr/local/opt/openssl/lib,
					"/usr/local/Cellar/libuv/1*/lib",
					"$(inherited)",
				);
				LIBRARY_SEARCH_PATHS = (
					"/usr/local/lib/$(CONFIGURATION)$(EFFECTIVE_PLATFORM_NAME)",
					/usr/local/lib,
					"/usr/local/opt/openssl/lib/$(CONFIGURATION)$(EFFECTIVE_PLATFORM_NAME)",
					/usr/local/opt/openssl/lib,
					"/usr/local/Cellar/libuv/1*/lib/$(CONFIGURATION)$(EFFECTIVE_PLATFORM_NAME)",
					"/usr/local/Cellar/libuv/1*/lib",
					"$(inherited)",
				);
				OTHER_CPLUSPLUSFLAGS = (
					"-Wall",
					"-std=c++11",
				);
				OTHER_LDFLAGS = (
					"-Wl,-search_paths_first",
					"-Wl,-headerpad_max_install_names",
					"-lz",
					"-lssl",
					"-luv",
					"-luWS",
				);
				OTHER_REZFLAGS = "";
				PRODUCT_NAME = ExtendedKF;
				SECTORDER_FLAGS = "";
				SYMROOT = "/Volumes/Macintosh HD - 数据/硅谷/Udacity/Self-Driving Car/Self-Driving Car Engineer/SDC-P5-Extended-Kalman-Filters";
				USE_HEADERMAP = NO;
				WARNING_CFLAGS = "$(inherited)";
			};
			name = Release;
		};
		5E95B4C78EC64EAB96DA374F /* MinSizeRel */ = {
			isa = XCBuildConfiguration;
			buildSettings = {
				COMBINE_HIDPI_IMAGES = YES;
				EXECUTABLE_PREFIX = "";
				EXECUTABLE_SUFFIX = "";
				GCC_GENERATE_DEBUGGING_SYMBOLS = NO;
				GCC_INLINES_ARE_PRIVATE_EXTERN = NO;
				GCC_OPTIMIZATION_LEVEL = 0;
				GCC_PREPROCESSOR_DEFINITIONS = "'CMAKE_INTDIR=\"$(CONFIGURATION)$(EFFECTIVE_PLATFORM_NAME)\"'";
				GCC_SYMBOLS_PRIVATE_EXTERN = NO;
				HEADER_SEARCH_PATHS = (
					/usr/local/include,
					/usr/local/opt/openssl/include,
					"$(inherited)",
				);
				INSTALL_PATH = "";
				LD_RUNPATH_SEARCH_PATHS = (
					/usr/local/lib,
					/usr/local/opt/openssl/lib,
					"/usr/local/Cellar/libuv/1*/lib",
					"$(inherited)",
				);
				LIBRARY_SEARCH_PATHS = (
					"/usr/local/lib/$(CONFIGURATION)$(EFFECTIVE_PLATFORM_NAME)",
					/usr/local/lib,
					"/usr/local/opt/openssl/lib/$(CONFIGURATION)$(EFFECTIVE_PLATFORM_NAME)",
					/usr/local/opt/openssl/lib,
					"/usr/local/Cellar/libuv/1*/lib/$(CONFIGURATION)$(EFFECTIVE_PLATFORM_NAME)",
					"/usr/local/Cellar/libuv/1*/lib",
					"$(inherited)",
				);
				OTHER_CPLUSPLUSFLAGS = (
					"-Wall",
					"-std=c++11",
				);
				OTHER_LDFLAGS = (
					"-Wl,-search_paths_first",
					"-Wl,-headerpad_max_install_names",
					"-lz",
					"-lssl",
					"-luv",
					"-luWS",
				);
				OTHER_REZFLAGS = "";
				PRODUCT_NAME = ExtendedKF;
				SECTORDER_FLAGS = "";
				SYMROOT = "/Volumes/Macintosh HD - 数据/硅谷/Udacity/Self-Driving Car/Self-Driving Car Engineer/SDC-P5-Extended-Kalman-Filters";
				USE_HEADERMAP = NO;
				WARNING_CFLAGS = "$(inherited)";
			};
			name = MinSizeRel;
		};
		618F37204BBB43178AB3CC3F /* RelWithDebInfo */ = {
			isa = XCBuildConfiguration;
			buildSettings = {
				ARCHS = "$(NATIVE_ARCH_ACTUAL)";
				ONLY_ACTIVE_ARCH = YES;
				OTHER_CPLUSPLUSFLAGS = (
					"$(OTHER_CFLAGS)",
					/usr/local/include/eigen3/,
				);
				SDKROOT = /Library/Developer/CommandLineTools/SDKs/MacOSX11.3.sdk;
				SYMROOT = "/Volumes/Macintosh HD - 数据/硅谷/Udacity/Self-Driving Car/Self-Driving Car Engineer/SDC-P5-Extended-Kalman-Filters/build";
				USER_HEADER_SEARCH_PATHS = /usr/local/include/eigen3/;
			};
			name = RelWithDebInfo;
		};
		659EAE66E0C44897B22D849B /* MinSizeRel */ = {
			isa = XCBuildConfiguration;
			buildSettings = {
				ARCHS = "$(NATIVE_ARCH_ACTUAL)";
				ONLY_ACTIVE_ARCH = YES;
				OTHER_CPLUSPLUSFLAGS = (
					"$(OTHER_CFLAGS)",
					/usr/local/include/eigen3/,
				);
				SDKROOT = /Library/Developer/CommandLineTools/SDKs/MacOSX11.3.sdk;
				SYMROOT = "/Volumes/Macintosh HD - 数据/硅谷/Udacity/Self-Driving Car/Self-Driving Car Engineer/SDC-P5-Extended-Kalman-Filters/build";
				USER_HEADER_SEARCH_PATHS = /usr/local/include/eigen3/;
			};
			name = MinSizeRel;
		};
		B77FD53A5CDE4E38B537FB08 /* Debug */ = {
			isa = XCBuildConfiguration;
			buildSettings = {
				ARCHS = "$(NATIVE_ARCH_ACTUAL)";
				ONLY_ACTIVE_ARCH = YES;
				OTHER_CPLUSPLUSFLAGS = (
					"$(OTHER_CFLAGS)",
					/usr/local/include/eigen3/,
				);
				SDKROOT = /Library/Developer/CommandLineTools/SDKs/MacOSX11.3.sdk;
				SYMROOT = "/Volumes/Macintosh HD - 数据/硅谷/Udacity/Self-Driving Car/Self-Driving Car Engineer/SDC-P5-Extended-Kalman-Filters/build";
				USER_HEADER_SEARCH_PATHS = /usr/local/include/eigen3/;
			};
			name = Debug;
		};
		CFDDAAB4A80F40618A3F89A9 /* Release */ = {
			isa = XCBuildConfiguration;
			buildSettings = {
				ARCHS = "$(NATIVE_ARCH_ACTUAL)";
				ONLY_ACTIVE_ARCH = YES;
				OTHER_CPLUSPLUSFLAGS = (
					"$(OTHER_CFLAGS)",
					/usr/local/include/eigen3/,
				);
				SDKROOT = /Library/Developer/CommandLineTools/SDKs/MacOSX11.3.sdk;
				SYMROOT = "/Volumes/Macintosh HD - 数据/硅谷/Udacity/Self-Driving Car/Self-Driving Car Engineer/SDC-P5-Extended-Kalman-Filters/build";
				USER_HEADER_SEARCH_PATHS = /usr/local/include/eigen3/;
			};
			name = Release;
		};
		D064755CB6ED44BC9D40CC4B /* RelWithDebInfo */ = {
			isa = XCBuildConfiguration;
			buildSettings = {
				COMBINE_HIDPI_IMAGES = YES;
				GCC_GENERATE_DEBUGGING_SYMBOLS = YES;
				GCC_INLINES_ARE_PRIVATE_EXTERN = NO;
				GCC_OPTIMIZATION_LEVEL = 0;
				GCC_PREPROCESSOR_DEFINITIONS = "'CMAKE_INTDIR=\"$(CONFIGURATION)$(EFFECTIVE_PLATFORM_NAME)\"'";
				GCC_SYMBOLS_PRIVATE_EXTERN = NO;
				INSTALL_PATH = "";
				OTHER_LDFLAGS = "";
				OTHER_REZFLAGS = "";
				PRODUCT_NAME = ZERO_CHECK;
				SECTORDER_FLAGS = "";
				SYMROOT = "/Volumes/Macintosh HD - 数据/硅谷/Udacity/Self-Driving Car/Self-Driving Car Engineer/SDC-P5-Extended-Kalman-Filters";
				USE_HEADERMAP = NO;
				WARNING_CFLAGS = "$(inherited)";
			};
			name = RelWithDebInfo;
		};
		E8FB3022735840B39667E6D4 /* RelWithDebInfo */ = {
			isa = XCBuildConfiguration;
			buildSettings = {
				COMBINE_HIDPI_IMAGES = YES;
				GCC_GENERATE_DEBUGGING_SYMBOLS = YES;
				GCC_INLINES_ARE_PRIVATE_EXTERN = NO;
				GCC_OPTIMIZATION_LEVEL = 0;
				GCC_PREPROCESSOR_DEFINITIONS = "'CMAKE_INTDIR=\"$(CONFIGURATION)$(EFFECTIVE_PLATFORM_NAME)\"'";
				GCC_SYMBOLS_PRIVATE_EXTERN = NO;
				INSTALL_PATH = "";
				OTHER_LDFLAGS = "";
				OTHER_REZFLAGS = "";
				PRODUCT_NAME = ALL_BUILD;
				SECTORDER_FLAGS = "";
				SYMROOT = "/Volumes/Macintosh HD - 数据/硅谷/Udacity/Self-Driving Car/Self-Driving Car Engineer/SDC-P5-Extended-Kalman-Filters";
				USE_HEADERMAP = NO;
				WARNING_CFLAGS = "$(inherited)";
			};
			name = RelWithDebInfo;
		};
		EDC73997129D45F2A0CA1170 /* MinSizeRel */ = {
			isa = XCBuildConfiguration;
			buildSettings = {
				COMBINE_HIDPI_IMAGES = YES;
				GCC_GENERATE_DEBUGGING_SYMBOLS = YES;
				GCC_INLINES_ARE_PRIVATE_EXTERN = NO;
				GCC_OPTIMIZATION_LEVEL = 0;
				GCC_PREPROCESSOR_DEFINITIONS = "'CMAKE_INTDIR=\"$(CONFIGURATION)$(EFFECTIVE_PLATFORM_NAME)\"'";
				GCC_SYMBOLS_PRIVATE_EXTERN = NO;
				INSTALL_PATH = "";
				OTHER_LDFLAGS = "";
				OTHER_REZFLAGS = "";
				PRODUCT_NAME = ZERO_CHECK;
				SECTORDER_FLAGS = "";
				SYMROOT = "/Volumes/Macintosh HD - 数据/硅谷/Udacity/Self-Driving Car/Self-Driving Car Engineer/SDC-P5-Extended-Kalman-Filters";
				USE_HEADERMAP = NO;
				WARNING_CFLAGS = "$(inherited)";
			};
			name = MinSizeRel;
		};
		F59CBB93F2554A81B99266A8 /* Debug */ = {
			isa = XCBuildConfiguration;
			buildSettings = {
				COMBINE_HIDPI_IMAGES = YES;
				EXECUTABLE_PREFIX = "";
				EXECUTABLE_SUFFIX = "";
				GCC_GENERATE_DEBUGGING_SYMBOLS = NO;
				GCC_INLINES_ARE_PRIVATE_EXTERN = NO;
				GCC_OPTIMIZATION_LEVEL = 0;
				GCC_PREPROCESSOR_DEFINITIONS = "'CMAKE_INTDIR=\"$(CONFIGURATION)$(EFFECTIVE_PLATFORM_NAME)\"'";
				GCC_SYMBOLS_PRIVATE_EXTERN = NO;
				HEADER_SEARCH_PATHS = (
					/usr/local/include,
					/usr/local/opt/openssl/include,
					"$(inherited)",
				);
				INSTALL_PATH = "";
				LD_RUNPATH_SEARCH_PATHS = (
					/usr/local/lib,
					/usr/local/opt/openssl/lib,
					"/usr/local/Cellar/libuv/1*/lib",
					"$(inherited)",
				);
				LIBRARY_SEARCH_PATHS = (
					"/usr/local/lib/$(CONFIGURATION)$(EFFECTIVE_PLATFORM_NAME)",
					/usr/local/lib,
					"/usr/local/opt/openssl/lib/$(CONFIGURATION)$(EFFECTIVE_PLATFORM_NAME)",
					/usr/local/opt/openssl/lib,
					"/usr/local/Cellar/libuv/1*/lib/$(CONFIGURATION)$(EFFECTIVE_PLATFORM_NAME)",
					"/usr/local/Cellar/libuv/1*/lib",
					"$(inherited)",
				);
				OTHER_CPLUSPLUSFLAGS = (
					"-Wall",
					"-std=c++11",
				);
				OTHER_LDFLAGS = (
					"-Wl,-search_paths_first",
					"-Wl,-headerpad_max_install_names",
					"-lz",
					"-lssl",
					"-luv",
					"-luWS",
				);
				OTHER_REZFLAGS = "";
				PRODUCT_NAME = ExtendedKF;
				SECTORDER_FLAGS = "";
				SYMROOT = "/Volumes/Macintosh HD - 数据/硅谷/Udacity/Self-Driving Car/Self-Driving Car Engineer/SDC-P5-Extended-Kalman-Filters";
				USE_HEADERMAP = NO;
				WARNING_CFLAGS = "$(inherited)";
			};
			name = Debug;
		};
/* End XCBuildConfiguration section */

/* Begin XCConfigurationList section */
		1A33F676AC794F0CA0941ABC /* Build configuration list for PBXProject "ExtendedKF" */ = {
			isa = XCConfigurationList;
			buildConfigurations = (
				B77FD53A5CDE4E38B537FB08 /* Debug */,
				CFDDAAB4A80F40618A3F89A9 /* Release */,
				659EAE66E0C44897B22D849B /* MinSizeRel */,
				618F37204BBB43178AB3CC3F /* RelWithDebInfo */,
			);
			defaultConfigurationIsVisible = 0;
			defaultConfigurationName = Debug;
		};
		4186292E432A4FAA94631C94 /* Build configuration list for PBXAggregateTarget "ZERO_CHECK" */ = {
			isa = XCConfigurationList;
			buildConfigurations = (
				1B730190D4AD415FBEDA628C /* Debug */,
				0573B9516707499DB9B68DB6 /* Release */,
				EDC73997129D45F2A0CA1170 /* MinSizeRel */,
				D064755CB6ED44BC9D40CC4B /* RelWithDebInfo */,
			);
			defaultConfigurationIsVisible = 0;
			defaultConfigurationName = Debug;
		};
		51028EEA62DA4B10AFF046BD /* Build configuration list for PBXAggregateTarget "ALL_BUILD" */ = {
			isa = XCConfigurationList;
			buildConfigurations = (
				3326358A79554EDDBC5F3F07 /* Debug */,
				2CB5FF4B7F7B45AAA48D4BAE /* Release */,
				143B06B1A9A2405E8806B411 /* MinSizeRel */,
				E8FB3022735840B39667E6D4 /* RelWithDebInfo */,
			);
			defaultConfigurationIsVisible = 0;
			defaultConfigurationName = Debug;
		};
		79B57AD111984FEFA5486B42 /* Build configuration list for PBXNativeTarget "ExtendedKF" */ = {
			isa = XCConfigurationList;
			buildConfigurations = (
				F59CBB93F2554A81B99266A8 /* Debug */,
				41DF2740022742139C968E81 /* Release */,
				5E95B4C78EC64EAB96DA374F /* MinSizeRel */,
				385EB9D19009468B981C2915 /* RelWithDebInfo */,
			);
			defaultConfigurationIsVisible = 0;
			defaultConfigurationName = Debug;
		};
/* End XCConfigurationList section */
	};
	rootObject = 6179D9CA2B6C4D8DB7429684 /* Project object */;
}
